{
  "version": 4,
  "terraform_version": "1.5.7",
  "serial": 514,
  "lineage": "6c8ceb0b-5e66-5f18-f0fe-8c6f4e439d07",
  "outputs": {
    "RT_ID": {
      "value": "rtb-082ffa4773edf327c",
      "type": "string"
    },
    "SUBNET_1A": {
      "value": "subnet-0e54e456621f7c308",
      "type": "string"
    },
    "SUBNET_1B": {
      "value": "subnet-0fe336d847c3d2876",
      "type": "string"
    },
    "TG_ARN": {
      "value": "arn:aws:elasticloadbalancing:us-east-1:644435390668:targetgroup/liorm-TF-easy-ALB-TG/8e32f08ef2eae183",
      "type": "string"
    },
    "VPC_ID": {
      "value": "vpc-054b4ae7a7152ff98",
      "type": "string"
    }
  },
  "resources": [
    {
      "mode": "managed",
      "type": "aws_instance",
      "name": "liorm-TF-easy-EC2-1a",
      "provider": "provider[\"registry.terraform.io/hashicorp/aws\"]",
      "instances": [
        {
          "schema_version": 1,
          "attributes": {
            "ami": "ami-053b0d53c279acc90",
            "arn": "arn:aws:ec2:us-east-1:644435390668:instance/i-0b9d45a5353a4ff63",
            "associate_public_ip_address": true,
            "availability_zone": "us-east-1a",
            "capacity_reservation_specification": [
              {
                "capacity_reservation_preference": "open",
                "capacity_reservation_target": []
              }
            ],
            "cpu_core_count": 1,
            "cpu_options": [
              {
                "amd_sev_snp": "",
                "core_count": 1,
                "threads_per_core": 2
              }
            ],
            "cpu_threads_per_core": 2,
            "credit_specification": [
              {
                "cpu_credits": "unlimited"
              }
            ],
            "disable_api_stop": false,
            "disable_api_termination": false,
            "ebs_block_device": [],
            "ebs_optimized": false,
            "enclave_options": [
              {
                "enabled": false
              }
            ],
            "ephemeral_block_device": [],
            "get_password_data": false,
            "hibernation": false,
            "host_id": "",
            "host_resource_group_arn": null,
            "iam_instance_profile": "",
            "id": "i-0b9d45a5353a4ff63",
            "instance_initiated_shutdown_behavior": "stop",
            "instance_lifecycle": "",
            "instance_market_options": [],
            "instance_state": "running",
            "instance_type": "t3.micro",
            "ipv6_address_count": 0,
            "ipv6_addresses": [],
            "key_name": "liorm-tf-key",
            "launch_template": [],
            "maintenance_options": [
              {
                "auto_recovery": "default"
              }
            ],
            "metadata_options": [
              {
                "http_endpoint": "enabled",
                "http_protocol_ipv6": "disabled",
                "http_put_response_hop_limit": 1,
                "http_tokens": "optional",
                "instance_metadata_tags": "disabled"
              }
            ],
            "monitoring": false,
            "network_interface": [],
            "outpost_arn": "",
            "password_data": "",
            "placement_group": "",
            "placement_partition_number": 0,
            "primary_network_interface_id": "eni-0b45149adf4685c5f",
            "private_dns": "ip-10-0-1-98.ec2.internal",
            "private_dns_name_options": [
              {
                "enable_resource_name_dns_a_record": false,
                "enable_resource_name_dns_aaaa_record": false,
                "hostname_type": "ip-name"
              }
            ],
            "private_ip": "10.0.1.98",
            "public_dns": "",
            "public_ip": "44.206.251.209",
            "root_block_device": [
              {
                "delete_on_termination": true,
                "device_name": "/dev/sda1",
                "encrypted": false,
                "iops": 100,
                "kms_key_id": "",
                "tags": {
                  "AutoTag_CreateTime": "2023-09-16T13:22:10Z",
                  "AutoTag_Creator": "liorm"
                },
                "throughput": 0,
                "volume_id": "vol-0874cddbe5a485129",
                "volume_size": 8,
                "volume_type": "gp2"
              }
            ],
            "secondary_private_ips": [],
            "security_groups": [],
            "source_dest_check": true,
            "spot_instance_request_id": "",
            "subnet_id": "subnet-0e54e456621f7c308",
            "tags": {
              "AutoTag_CreateTime": "2023-09-16T13:22:10Z",
              "AutoTag_Creator": "liorm",
              "Name": "liorm-TF-easy-instance-1a"
            },
            "tags_all": {
              "AutoTag_CreateTime": "2023-09-16T13:22:10Z",
              "AutoTag_Creator": "liorm",
              "Name": "liorm-TF-easy-instance-1a",
              "Owner": "liorm",
              "bootcamp": "19",
              "expiration_date": "01-01-2025"
            },
            "tenancy": "default",
            "timeouts": null,
            "user_data": null,
            "user_data_base64": null,
            "user_data_replace_on_change": false,
            "volume_tags": null,
            "vpc_security_group_ids": [
              "sg-06eb805cabbe041db"
            ]
          },
          "sensitive_attributes": [],
          "private": "eyJlMmJmYjczMC1lY2FhLTExZTYtOGY4OC0zNDM2M2JjN2M0YzAiOnsiY3JlYXRlIjo2MDAwMDAwMDAwMDAsImRlbGV0ZSI6MTIwMDAwMDAwMDAwMCwidXBkYXRlIjo2MDAwMDAwMDAwMDB9LCJzY2hlbWFfdmVyc2lvbiI6IjEifQ==",
          "dependencies": [
            "aws_key_pair.liorm-tf-key",
            "aws_security_group.liorm-TF-easy-SG",
            "aws_subnet.liorm-TF-easy-us-east-1a",
            "aws_vpc.liorm-TF-easy-vpc"
          ]
        }
      ]
    },
    {
      "mode": "managed",
      "type": "aws_instance",
      "name": "liorm-TF-easy-EC2-1b",
      "provider": "provider[\"registry.terraform.io/hashicorp/aws\"]",
      "instances": [
        {
          "schema_version": 1,
          "attributes": {
            "ami": "ami-053b0d53c279acc90",
            "arn": "arn:aws:ec2:us-east-1:644435390668:instance/i-0f67d6969f42f588e",
            "associate_public_ip_address": true,
            "availability_zone": "us-east-1b",
            "capacity_reservation_specification": [
              {
                "capacity_reservation_preference": "open",
                "capacity_reservation_target": []
              }
            ],
            "cpu_core_count": 1,
            "cpu_options": [
              {
                "amd_sev_snp": "",
                "core_count": 1,
                "threads_per_core": 2
              }
            ],
            "cpu_threads_per_core": 2,
            "credit_specification": [
              {
                "cpu_credits": "unlimited"
              }
            ],
            "disable_api_stop": false,
            "disable_api_termination": false,
            "ebs_block_device": [],
            "ebs_optimized": false,
            "enclave_options": [
              {
                "enabled": false
              }
            ],
            "ephemeral_block_device": [],
            "get_password_data": false,
            "hibernation": false,
            "host_id": "",
            "host_resource_group_arn": null,
            "iam_instance_profile": "",
            "id": "i-0f67d6969f42f588e",
            "instance_initiated_shutdown_behavior": "stop",
            "instance_lifecycle": "",
            "instance_market_options": [],
            "instance_state": "running",
            "instance_type": "t3.micro",
            "ipv6_address_count": 0,
            "ipv6_addresses": [],
            "key_name": "liorm-tf-key",
            "launch_template": [],
            "maintenance_options": [
              {
                "auto_recovery": "default"
              }
            ],
            "metadata_options": [
              {
                "http_endpoint": "enabled",
                "http_protocol_ipv6": "disabled",
                "http_put_response_hop_limit": 1,
                "http_tokens": "optional",
                "instance_metadata_tags": "disabled"
              }
            ],
            "monitoring": false,
            "network_interface": [],
            "outpost_arn": "",
            "password_data": "",
            "placement_group": "",
            "placement_partition_number": 0,
            "primary_network_interface_id": "eni-06e46e7914aa6b43f",
            "private_dns": "ip-10-0-2-23.ec2.internal",
            "private_dns_name_options": [
              {
                "enable_resource_name_dns_a_record": false,
                "enable_resource_name_dns_aaaa_record": false,
                "hostname_type": "ip-name"
              }
            ],
            "private_ip": "10.0.2.23",
            "public_dns": "",
            "public_ip": "52.7.141.250",
            "root_block_device": [
              {
                "delete_on_termination": true,
                "device_name": "/dev/sda1",
                "encrypted": false,
                "iops": 100,
                "kms_key_id": "",
                "tags": {
                  "AutoTag_CreateTime": "2023-09-16T13:22:10Z",
                  "AutoTag_Creator": "liorm"
                },
                "throughput": 0,
                "volume_id": "vol-0dc4f143dea75907b",
                "volume_size": 8,
                "volume_type": "gp2"
              }
            ],
            "secondary_private_ips": [],
            "security_groups": [],
            "source_dest_check": true,
            "spot_instance_request_id": "",
            "subnet_id": "subnet-0fe336d847c3d2876",
            "tags": {
              "AutoTag_CreateTime": "2023-09-16T13:22:10Z",
              "AutoTag_Creator": "liorm",
              "Name": "liorm-TF-easy-instance-1b"
            },
            "tags_all": {
              "AutoTag_CreateTime": "2023-09-16T13:22:10Z",
              "AutoTag_Creator": "liorm",
              "Name": "liorm-TF-easy-instance-1b",
              "Owner": "liorm",
              "bootcamp": "19",
              "expiration_date": "01-01-2025"
            },
            "tenancy": "default",
            "timeouts": null,
            "user_data": null,
            "user_data_base64": null,
            "user_data_replace_on_change": false,
            "volume_tags": null,
            "vpc_security_group_ids": [
              "sg-06eb805cabbe041db"
            ]
          },
          "sensitive_attributes": [],
          "private": "eyJlMmJmYjczMC1lY2FhLTExZTYtOGY4OC0zNDM2M2JjN2M0YzAiOnsiY3JlYXRlIjo2MDAwMDAwMDAwMDAsImRlbGV0ZSI6MTIwMDAwMDAwMDAwMCwidXBkYXRlIjo2MDAwMDAwMDAwMDB9LCJzY2hlbWFfdmVyc2lvbiI6IjEifQ==",
          "dependencies": [
            "aws_key_pair.liorm-tf-key",
            "aws_security_group.liorm-TF-easy-SG",
            "aws_subnet.liorm-TF-easy-us-east-1b",
            "aws_vpc.liorm-TF-easy-vpc"
          ]
        }
      ]
    },
    {
      "mode": "managed",
      "type": "aws_internet_gateway",
      "name": "liorm-TF-easy-igw",
      "provider": "provider[\"registry.terraform.io/hashicorp/aws\"]",
      "instances": [
        {
          "schema_version": 0,
          "attributes": {
            "arn": "arn:aws:ec2:us-east-1:644435390668:internet-gateway/igw-0a045666ba5dfed0f",
            "id": "igw-0a045666ba5dfed0f",
            "owner_id": "644435390668",
            "tags": {
              "Name": "liorm-TF-easy-igw"
            },
            "tags_all": {
              "Name": "liorm-TF-easy-igw",
              "Owner": "liorm",
              "bootcamp": "19",
              "expiration_date": "01-01-2025"
            },
            "timeouts": null,
            "vpc_id": "vpc-054b4ae7a7152ff98"
          },
          "sensitive_attributes": [],
          "private": "eyJlMmJmYjczMC1lY2FhLTExZTYtOGY4OC0zNDM2M2JjN2M0YzAiOnsiY3JlYXRlIjoxMjAwMDAwMDAwMDAwLCJkZWxldGUiOjEyMDAwMDAwMDAwMDAsInVwZGF0ZSI6MTIwMDAwMDAwMDAwMH19",
          "dependencies": [
            "aws_vpc.liorm-TF-easy-vpc"
          ]
        }
      ]
    },
    {
      "mode": "managed",
      "type": "aws_key_pair",
      "name": "liorm-tf-key",
      "provider": "provider[\"registry.terraform.io/hashicorp/aws\"]",
      "instances": [
        {
          "schema_version": 1,
          "attributes": {
            "arn": "arn:aws:ec2:us-east-1:644435390668:key-pair/liorm-tf-key",
            "fingerprint": "7b:a0:d4:fc:5f:60:6e:cf:dc:81:0a:c9:17:fa:33:8b",
            "id": "liorm-tf-key",
            "key_name": "liorm-tf-key",
            "key_name_prefix": "",
            "key_pair_id": "key-0b20f4a2a6d4c44cd",
            "key_type": "rsa",
            "public_key": "ssh-rsa AAAAB3NzaC1yc2EAAAADAQABAAACAQCma5oAPc4GbQX5YH+lvdY6uRR3N+u3b00HPzNr8sBea3/BiSQ77jq9CIBqmXUD5aaXtUbci5JQnk0k1oXDT0PNbvaATHG1RMJJcxoqC4aRsXLNulCY7ASpNV+njy19vu1B6pb8BSWt9Zuow34a5gjlyz/qnEwScOZjng8FT3VeVD5UidFNey1aqJndMvUTmKidVLQqN++UBG5VAERxl52hPFkYK2wlqk5XCewaTohiikNolVbYnUF188yqeccTybOqoSq3cuJhox8pdzb5TaPAkvmTcdyXvZfYh8+L71gkmqLs9wrOcGhKgGUgKNDWSIoCyY2eT1wwb7SP+vQWGF8CS80gJFACdHbhyAS0M4M9zp13uqTdyXCtzZ3UcLzQl4iT5aijyTWBLBjRktt/WjZ001pVEomIb8fI7yiibsoDbZEAexp2lX9HzA10qqpIvwJC8wPb0P5Xnbf0zs8TRNssrq5OOFogywqTab4yI17vro6dTJ9mrQHSPqCzx1TdXiRD7CfTQDVAECE6+pMD8DXHQa3XlGPZiJMMZ6ijNghuhLTqYBldsCcG+yuO9hcKWRTYwIlL1zev2ozVoU9IFG92dE2UAVolraz2cpUWPLGOvqnxy/KqdGB4rgKOMM7/RDXXTFEuEfCexAnkBw4snZGJJEz3eJnfQGaA9D2m2c9eHQ== liormilliger@lior-Lenovo-Desktop",
            "tags": null,
            "tags_all": {
              "Owner": "liorm",
              "bootcamp": "19",
              "expiration_date": "01-01-2025"
            }
          },
          "sensitive_attributes": [],
          "private": "eyJzY2hlbWFfdmVyc2lvbiI6IjEifQ=="
        }
      ]
    },
    {
      "mode": "managed",
      "type": "aws_key_pair",
      "name": "liorm-tf-key_rsa",
      "provider": "provider[\"registry.terraform.io/hashicorp/aws\"]",
      "instances": [
        {
          "schema_version": 1,
          "attributes": {
            "arn": "arn:aws:ec2:us-east-1:644435390668:key-pair/liorm-tf-key_rsa",
            "fingerprint": "7b:a0:d4:fc:5f:60:6e:cf:dc:81:0a:c9:17:fa:33:8b",
            "id": "liorm-tf-key_rsa",
            "key_name": "liorm-tf-key_rsa",
            "key_name_prefix": "",
            "key_pair_id": "key-0b0868867e85b049a",
            "key_type": "rsa",
            "public_key": "ssh-rsa AAAAB3NzaC1yc2EAAAADAQABAAACAQCma5oAPc4GbQX5YH+lvdY6uRR3N+u3b00HPzNr8sBea3/BiSQ77jq9CIBqmXUD5aaXtUbci5JQnk0k1oXDT0PNbvaATHG1RMJJcxoqC4aRsXLNulCY7ASpNV+njy19vu1B6pb8BSWt9Zuow34a5gjlyz/qnEwScOZjng8FT3VeVD5UidFNey1aqJndMvUTmKidVLQqN++UBG5VAERxl52hPFkYK2wlqk5XCewaTohiikNolVbYnUF188yqeccTybOqoSq3cuJhox8pdzb5TaPAkvmTcdyXvZfYh8+L71gkmqLs9wrOcGhKgGUgKNDWSIoCyY2eT1wwb7SP+vQWGF8CS80gJFACdHbhyAS0M4M9zp13uqTdyXCtzZ3UcLzQl4iT5aijyTWBLBjRktt/WjZ001pVEomIb8fI7yiibsoDbZEAexp2lX9HzA10qqpIvwJC8wPb0P5Xnbf0zs8TRNssrq5OOFogywqTab4yI17vro6dTJ9mrQHSPqCzx1TdXiRD7CfTQDVAECE6+pMD8DXHQa3XlGPZiJMMZ6ijNghuhLTqYBldsCcG+yuO9hcKWRTYwIlL1zev2ozVoU9IFG92dE2UAVolraz2cpUWPLGOvqnxy/KqdGB4rgKOMM7/RDXXTFEuEfCexAnkBw4snZGJJEz3eJnfQGaA9D2m2c9eHQ== liormilliger@lior-Lenovo-Desktop",
            "tags": null,
            "tags_all": {
              "Owner": "liorm",
              "bootcamp": "19",
              "expiration_date": "01-01-2025"
            }
          },
          "sensitive_attributes": [],
          "private": "eyJzY2hlbWFfdmVyc2lvbiI6IjEifQ=="
        }
      ]
    },
    {
      "mode": "managed",
      "type": "aws_lb",
      "name": "liorm-TF-ALB",
      "provider": "provider[\"registry.terraform.io/hashicorp/aws\"]",
      "instances": [
        {
          "schema_version": 0,
          "attributes": {
            "access_logs": [
              {
                "bucket": "",
                "enabled": false,
                "prefix": ""
              }
            ],
            "arn": "arn:aws:elasticloadbalancing:us-east-1:644435390668:loadbalancer/app/liorm-TF-ALB/a5fcdb8b3bb2b951",
            "arn_suffix": "app/liorm-TF-ALB/a5fcdb8b3bb2b951",
            "customer_owned_ipv4_pool": "",
            "desync_mitigation_mode": "defensive",
            "dns_name": "liorm-TF-ALB-302812200.us-east-1.elb.amazonaws.com",
            "drop_invalid_header_fields": false,
            "enable_cross_zone_load_balancing": true,
            "enable_deletion_protection": false,
            "enable_http2": true,
            "enable_tls_version_and_cipher_suite_headers": false,
            "enable_waf_fail_open": false,
            "enable_xff_client_port": false,
            "id": "arn:aws:elasticloadbalancing:us-east-1:644435390668:loadbalancer/app/liorm-TF-ALB/a5fcdb8b3bb2b951",
            "idle_timeout": 60,
            "internal": false,
            "ip_address_type": "ipv4",
            "load_balancer_type": "application",
            "name": "liorm-TF-ALB",
            "name_prefix": null,
            "preserve_host_header": false,
            "security_groups": [
              "sg-06eb805cabbe041db"
            ],
            "subnet_mapping": [
              {
                "allocation_id": "",
                "ipv6_address": "",
                "outpost_id": "",
                "private_ipv4_address": "",
                "subnet_id": "subnet-0e54e456621f7c308"
              },
              {
                "allocation_id": "",
                "ipv6_address": "",
                "outpost_id": "",
                "private_ipv4_address": "",
                "subnet_id": "subnet-0fe336d847c3d2876"
              }
            ],
            "subnets": [
              "subnet-0e54e456621f7c308",
              "subnet-0fe336d847c3d2876"
            ],
            "tags": {
              "AutoTag_CreateTime": "2023-09-16T13:22:10Z",
              "AutoTag_Creator": "liorm",
              "Name": "liorm-TF-ALB"
            },
            "tags_all": {
              "AutoTag_CreateTime": "2023-09-16T13:22:10Z",
              "AutoTag_Creator": "liorm",
              "Name": "liorm-TF-ALB",
              "Owner": "liorm",
              "bootcamp": "19",
              "expiration_date": "01-01-2025"
            },
            "timeouts": null,
            "vpc_id": "vpc-054b4ae7a7152ff98",
            "xff_header_processing_mode": "append",
            "zone_id": "Z35SXDOTRQ7X7K"
          },
          "sensitive_attributes": [],
          "private": "eyJlMmJmYjczMC1lY2FhLTExZTYtOGY4OC0zNDM2M2JjN2M0YzAiOnsiY3JlYXRlIjo2MDAwMDAwMDAwMDAsImRlbGV0ZSI6NjAwMDAwMDAwMDAwLCJ1cGRhdGUiOjYwMDAwMDAwMDAwMH19",
          "dependencies": [
            "aws_security_group.liorm-TF-easy-SG",
            "aws_subnet.liorm-TF-easy-us-east-1a",
            "aws_subnet.liorm-TF-easy-us-east-1b",
            "aws_vpc.liorm-TF-easy-vpc"
          ]
        }
      ]
    },
    {
      "mode": "managed",
      "type": "aws_lb_listener",
      "name": "front_end",
      "provider": "provider[\"registry.terraform.io/hashicorp/aws\"]",
      "instances": [
        {
          "schema_version": 0,
          "attributes": {
            "alpn_policy": null,
            "arn": "arn:aws:elasticloadbalancing:us-east-1:644435390668:listener/app/liorm-TF-ALB/a5fcdb8b3bb2b951/87a050e065c96b2d",
            "certificate_arn": null,
            "default_action": [
              {
                "authenticate_cognito": [],
                "authenticate_oidc": [],
                "fixed_response": [],
                "forward": [],
                "order": 1,
                "redirect": [],
                "target_group_arn": "arn:aws:elasticloadbalancing:us-east-1:644435390668:targetgroup/liorm-TF-easy-ALB-TG/8e32f08ef2eae183",
                "type": "forward"
              }
            ],
            "id": "arn:aws:elasticloadbalancing:us-east-1:644435390668:listener/app/liorm-TF-ALB/a5fcdb8b3bb2b951/87a050e065c96b2d",
            "load_balancer_arn": "arn:aws:elasticloadbalancing:us-east-1:644435390668:loadbalancer/app/liorm-TF-ALB/a5fcdb8b3bb2b951",
            "port": 80,
            "protocol": "HTTP",
            "ssl_policy": "",
            "tags": null,
            "tags_all": {
              "Owner": "liorm",
              "bootcamp": "19",
              "expiration_date": "01-01-2025"
            },
            "timeouts": null
          },
          "sensitive_attributes": [],
          "private": "eyJlMmJmYjczMC1lY2FhLTExZTYtOGY4OC0zNDM2M2JjN2M0YzAiOnsicmVhZCI6NjAwMDAwMDAwMDAwfX0=",
          "dependencies": [
            "aws_lb.liorm-TF-ALB",
            "aws_lb_target_group.liorm-TF-easy-ALB-TG",
            "aws_security_group.liorm-TF-easy-SG",
            "aws_subnet.liorm-TF-easy-us-east-1a",
            "aws_subnet.liorm-TF-easy-us-east-1b",
            "aws_vpc.liorm-TF-easy-vpc"
          ]
        }
      ]
    },
    {
      "mode": "managed",
      "type": "aws_lb_target_group",
      "name": "liorm-TF-easy-ALB-TG",
      "provider": "provider[\"registry.terraform.io/hashicorp/aws\"]",
      "instances": [
        {
          "schema_version": 0,
          "attributes": {
            "arn": "arn:aws:elasticloadbalancing:us-east-1:644435390668:targetgroup/liorm-TF-easy-ALB-TG/8e32f08ef2eae183",
            "arn_suffix": "targetgroup/liorm-TF-easy-ALB-TG/8e32f08ef2eae183",
            "connection_termination": false,
            "deregistration_delay": "300",
            "health_check": [
              {
                "enabled": true,
                "healthy_threshold": 5,
                "interval": 30,
                "matcher": "200",
                "path": "/",
                "port": "traffic-port",
                "protocol": "HTTP",
                "timeout": 5,
                "unhealthy_threshold": 2
              }
            ],
            "id": "arn:aws:elasticloadbalancing:us-east-1:644435390668:targetgroup/liorm-TF-easy-ALB-TG/8e32f08ef2eae183",
            "ip_address_type": "ipv4",
            "lambda_multi_value_headers_enabled": false,
            "load_balancing_algorithm_type": "round_robin",
            "load_balancing_cross_zone_enabled": "use_load_balancer_configuration",
            "name": "liorm-TF-easy-ALB-TG",
            "name_prefix": null,
            "port": 80,
            "preserve_client_ip": null,
            "protocol": "HTTP",
            "protocol_version": "HTTP1",
            "proxy_protocol_v2": false,
            "slow_start": 0,
            "stickiness": [
              {
                "cookie_duration": 86400,
                "cookie_name": "",
                "enabled": false,
                "type": "lb_cookie"
              }
            ],
            "tags": null,
            "tags_all": {
              "Owner": "liorm",
              "bootcamp": "19",
              "expiration_date": "01-01-2025"
            },
            "target_failover": [
              {
                "on_deregistration": null,
                "on_unhealthy": null
              }
            ],
            "target_type": "instance",
            "vpc_id": "vpc-054b4ae7a7152ff98"
          },
          "sensitive_attributes": [],
          "private": "bnVsbA==",
          "dependencies": [
            "aws_vpc.liorm-TF-easy-vpc"
          ]
        }
      ]
    },
    {
      "mode": "managed",
      "type": "aws_lb_target_group_attachment",
      "name": "liorm-tg-attach-1a",
      "provider": "provider[\"registry.terraform.io/hashicorp/aws\"]",
      "instances": [
        {
          "schema_version": 0,
          "attributes": {
            "availability_zone": null,
            "id": "arn:aws:elasticloadbalancing:us-east-1:644435390668:targetgroup/liorm-TF-easy-ALB-TG/8e32f08ef2eae183-20230916132223468600000003",
            "port": 80,
            "target_group_arn": "arn:aws:elasticloadbalancing:us-east-1:644435390668:targetgroup/liorm-TF-easy-ALB-TG/8e32f08ef2eae183",
            "target_id": "i-0b9d45a5353a4ff63"
          },
          "sensitive_attributes": [],
          "private": "bnVsbA==",
          "dependencies": [
            "aws_instance.liorm-TF-easy-EC2-1a",
            "aws_key_pair.liorm-tf-key",
            "aws_lb_target_group.liorm-TF-easy-ALB-TG",
            "aws_security_group.liorm-TF-easy-SG",
            "aws_subnet.liorm-TF-easy-us-east-1a",
            "aws_vpc.liorm-TF-easy-vpc"
          ]
        }
      ]
    },
    {
      "mode": "managed",
      "type": "aws_lb_target_group_attachment",
      "name": "liorm-tg-attach-1b",
      "provider": "provider[\"registry.terraform.io/hashicorp/aws\"]",
      "instances": [
        {
          "schema_version": 0,
          "attributes": {
            "availability_zone": null,
            "id": "arn:aws:elasticloadbalancing:us-east-1:644435390668:targetgroup/liorm-TF-easy-ALB-TG/8e32f08ef2eae183-20230916132223768900000004",
            "port": 80,
            "target_group_arn": "arn:aws:elasticloadbalancing:us-east-1:644435390668:targetgroup/liorm-TF-easy-ALB-TG/8e32f08ef2eae183",
            "target_id": "i-0f67d6969f42f588e"
          },
          "sensitive_attributes": [],
          "private": "bnVsbA==",
          "dependencies": [
            "aws_instance.liorm-TF-easy-EC2-1b",
            "aws_key_pair.liorm-tf-key",
            "aws_lb_target_group.liorm-TF-easy-ALB-TG",
            "aws_security_group.liorm-TF-easy-SG",
            "aws_subnet.liorm-TF-easy-us-east-1b",
            "aws_vpc.liorm-TF-easy-vpc"
          ]
        }
      ]
    },
    {
      "mode": "managed",
      "type": "aws_route_table",
      "name": "liorm-TF-easy-RT",
      "provider": "provider[\"registry.terraform.io/hashicorp/aws\"]",
      "instances": [
        {
          "schema_version": 0,
          "attributes": {
            "arn": "arn:aws:ec2:us-east-1:644435390668:route-table/rtb-082ffa4773edf327c",
            "id": "rtb-082ffa4773edf327c",
            "owner_id": "644435390668",
            "propagating_vgws": [],
            "route": [],
            "tags": {
              "Name": "liorm-TF-easy-RT"
            },
            "tags_all": {
              "Name": "liorm-TF-easy-RT",
              "Owner": "liorm",
              "bootcamp": "19",
              "expiration_date": "01-01-2025"
            },
            "timeouts": null,
            "vpc_id": "vpc-054b4ae7a7152ff98"
          },
          "sensitive_attributes": [],
          "private": "eyJlMmJmYjczMC1lY2FhLTExZTYtOGY4OC0zNDM2M2JjN2M0YzAiOnsiY3JlYXRlIjozMDAwMDAwMDAwMDAsImRlbGV0ZSI6MzAwMDAwMDAwMDAwLCJ1cGRhdGUiOjEyMDAwMDAwMDAwMH19",
          "dependencies": [
            "aws_vpc.liorm-TF-easy-vpc"
          ]
        }
      ]
    },
    {
      "mode": "managed",
      "type": "aws_route_table_association",
      "name": "liorm-TF-easy-pub-assoc-1a",
      "provider": "provider[\"registry.terraform.io/hashicorp/aws\"]",
      "instances": [
        {
          "schema_version": 0,
          "attributes": {
            "gateway_id": "",
            "id": "rtbassoc-0924df51351c4f8b0",
            "route_table_id": "rtb-082ffa4773edf327c",
            "subnet_id": "subnet-0e54e456621f7c308",
            "timeouts": null
          },
          "sensitive_attributes": [],
          "private": "eyJlMmJmYjczMC1lY2FhLTExZTYtOGY4OC0zNDM2M2JjN2M0YzAiOnsiY3JlYXRlIjozMDAwMDAwMDAwMDAsImRlbGV0ZSI6MzAwMDAwMDAwMDAwLCJ1cGRhdGUiOjEyMDAwMDAwMDAwMH19",
          "dependencies": [
            "aws_route_table.liorm-TF-easy-RT",
            "aws_subnet.liorm-TF-easy-us-east-1a",
            "aws_vpc.liorm-TF-easy-vpc"
          ]
        }
      ]
    },
    {
      "mode": "managed",
      "type": "aws_route_table_association",
      "name": "liorm-TF-easy-pub-assoc-1b",
      "provider": "provider[\"registry.terraform.io/hashicorp/aws\"]",
      "instances": [
        {
          "schema_version": 0,
          "attributes": {
            "gateway_id": "",
            "id": "rtbassoc-0421bdb47d28db2da",
            "route_table_id": "rtb-082ffa4773edf327c",
            "subnet_id": "subnet-0fe336d847c3d2876",
            "timeouts": null
          },
          "sensitive_attributes": [],
          "private": "eyJlMmJmYjczMC1lY2FhLTExZTYtOGY4OC0zNDM2M2JjN2M0YzAiOnsiY3JlYXRlIjozMDAwMDAwMDAwMDAsImRlbGV0ZSI6MzAwMDAwMDAwMDAwLCJ1cGRhdGUiOjEyMDAwMDAwMDAwMH19",
          "dependencies": [
            "aws_route_table.liorm-TF-easy-RT",
            "aws_subnet.liorm-TF-easy-us-east-1b",
            "aws_vpc.liorm-TF-easy-vpc"
          ]
        }
      ]
    },
    {
      "mode": "managed",
      "type": "aws_security_group",
      "name": "liorm-TF-easy-SG",
      "provider": "provider[\"registry.terraform.io/hashicorp/aws\"]",
      "instances": [
        {
          "schema_version": 1,
          "attributes": {
            "arn": "arn:aws:ec2:us-east-1:644435390668:security-group/sg-06eb805cabbe041db",
            "description": "Allow incoming HTTP traffic from your IP",
            "egress": [
              {
                "cidr_blocks": [
                  "0.0.0.0/0"
                ],
                "description": "",
                "from_port": 0,
                "ipv6_cidr_blocks": [],
                "prefix_list_ids": [],
                "protocol": "-1",
                "security_groups": [],
                "self": false,
                "to_port": 0
              }
            ],
            "id": "sg-06eb805cabbe041db",
            "ingress": [
              {
                "cidr_blocks": [
                  "0.0.0.0/0"
                ],
                "description": "",
                "from_port": 80,
                "ipv6_cidr_blocks": [],
                "prefix_list_ids": [],
                "protocol": "tcp",
                "security_groups": [],
                "self": false,
                "to_port": 80
              },
              {
                "cidr_blocks": [
                  "147.235.208.237/32",
                  "89.138.129.95/32"
                ],
                "description": "",
                "from_port": 22,
                "ipv6_cidr_blocks": [],
                "prefix_list_ids": [],
                "protocol": "tcp",
                "security_groups": [],
                "self": false,
                "to_port": 22
              }
            ],
            "name": "liorm-TF-easy-SG",
            "name_prefix": "",
            "owner_id": "644435390668",
            "revoke_rules_on_delete": false,
            "tags": null,
            "tags_all": {
              "Owner": "liorm",
              "bootcamp": "19",
              "expiration_date": "01-01-2025"
            },
            "timeouts": null,
            "vpc_id": "vpc-054b4ae7a7152ff98"
          },
          "sensitive_attributes": [],
          "private": "eyJlMmJmYjczMC1lY2FhLTExZTYtOGY4OC0zNDM2M2JjN2M0YzAiOnsiY3JlYXRlIjo2MDAwMDAwMDAwMDAsImRlbGV0ZSI6OTAwMDAwMDAwMDAwfSwic2NoZW1hX3ZlcnNpb24iOiIxIn0=",
          "dependencies": [
            "aws_vpc.liorm-TF-easy-vpc"
          ]
        }
      ]
    },
    {
      "mode": "managed",
      "type": "aws_subnet",
      "name": "liorm-TF-easy-us-east-1a",
      "provider": "provider[\"registry.terraform.io/hashicorp/aws\"]",
      "instances": [
        {
          "schema_version": 1,
          "attributes": {
            "arn": "arn:aws:ec2:us-east-1:644435390668:subnet/subnet-0e54e456621f7c308",
            "assign_ipv6_address_on_creation": false,
            "availability_zone": "us-east-1a",
            "availability_zone_id": "use1-az2",
            "cidr_block": "10.0.1.0/24",
            "customer_owned_ipv4_pool": "",
            "enable_dns64": false,
            "enable_lni_at_device_index": 0,
            "enable_resource_name_dns_a_record_on_launch": false,
            "enable_resource_name_dns_aaaa_record_on_launch": false,
            "id": "subnet-0e54e456621f7c308",
            "ipv6_cidr_block": "",
            "ipv6_cidr_block_association_id": "",
            "ipv6_native": false,
            "map_customer_owned_ip_on_launch": false,
            "map_public_ip_on_launch": true,
            "outpost_arn": "",
            "owner_id": "644435390668",
            "private_dns_hostname_type_on_launch": "ip-name",
            "tags": {
              "AutoTag_CreateTime": "2023-09-16T13:21:57Z",
              "AutoTag_Creator": "liorm",
              "Name": "liorm-TF-easy-us-east-1a"
            },
            "tags_all": {
              "AutoTag_CreateTime": "2023-09-16T13:21:57Z",
              "AutoTag_Creator": "liorm",
              "Name": "liorm-TF-easy-us-east-1a",
              "Owner": "liorm",
              "bootcamp": "19",
              "expiration_date": "01-01-2025"
            },
            "timeouts": null,
            "vpc_id": "vpc-054b4ae7a7152ff98"
          },
          "sensitive_attributes": [],
          "private": "eyJlMmJmYjczMC1lY2FhLTExZTYtOGY4OC0zNDM2M2JjN2M0YzAiOnsiY3JlYXRlIjo2MDAwMDAwMDAwMDAsImRlbGV0ZSI6MTIwMDAwMDAwMDAwMH0sInNjaGVtYV92ZXJzaW9uIjoiMSJ9",
          "dependencies": [
            "aws_vpc.liorm-TF-easy-vpc"
          ]
        }
      ]
    },
    {
      "mode": "managed",
      "type": "aws_subnet",
      "name": "liorm-TF-easy-us-east-1b",
      "provider": "provider[\"registry.terraform.io/hashicorp/aws\"]",
      "instances": [
        {
          "schema_version": 1,
          "attributes": {
            "arn": "arn:aws:ec2:us-east-1:644435390668:subnet/subnet-0fe336d847c3d2876",
            "assign_ipv6_address_on_creation": false,
            "availability_zone": "us-east-1b",
            "availability_zone_id": "use1-az4",
            "cidr_block": "10.0.2.0/24",
            "customer_owned_ipv4_pool": "",
            "enable_dns64": false,
            "enable_lni_at_device_index": 0,
            "enable_resource_name_dns_a_record_on_launch": false,
            "enable_resource_name_dns_aaaa_record_on_launch": false,
            "id": "subnet-0fe336d847c3d2876",
            "ipv6_cidr_block": "",
            "ipv6_cidr_block_association_id": "",
            "ipv6_native": false,
            "map_customer_owned_ip_on_launch": false,
            "map_public_ip_on_launch": true,
            "outpost_arn": "",
            "owner_id": "644435390668",
            "private_dns_hostname_type_on_launch": "ip-name",
            "tags": {
              "AutoTag_CreateTime": "2023-09-16T13:21:57Z",
              "AutoTag_Creator": "liorm",
              "Name": "liorm-TF-easy-us-east-1b"
            },
            "tags_all": {
              "AutoTag_CreateTime": "2023-09-16T13:21:57Z",
              "AutoTag_Creator": "liorm",
              "Name": "liorm-TF-easy-us-east-1b",
              "Owner": "liorm",
              "bootcamp": "19",
              "expiration_date": "01-01-2025"
            },
            "timeouts": null,
            "vpc_id": "vpc-054b4ae7a7152ff98"
          },
          "sensitive_attributes": [],
          "private": "eyJlMmJmYjczMC1lY2FhLTExZTYtOGY4OC0zNDM2M2JjN2M0YzAiOnsiY3JlYXRlIjo2MDAwMDAwMDAwMDAsImRlbGV0ZSI6MTIwMDAwMDAwMDAwMH0sInNjaGVtYV92ZXJzaW9uIjoiMSJ9",
          "dependencies": [
            "aws_vpc.liorm-TF-easy-vpc"
          ]
        }
      ]
    },
    {
      "mode": "managed",
      "type": "aws_vpc",
      "name": "liorm-TF-easy-vpc",
      "provider": "provider[\"registry.terraform.io/hashicorp/aws\"]",
      "instances": [
        {
          "schema_version": 1,
          "attributes": {
            "arn": "arn:aws:ec2:us-east-1:644435390668:vpc/vpc-054b4ae7a7152ff98",
            "assign_generated_ipv6_cidr_block": false,
            "cidr_block": "10.0.0.0/16",
            "default_network_acl_id": "acl-08d77d7b4a14bbaad",
            "default_route_table_id": "rtb-069a3452c9f3b9ed7",
            "default_security_group_id": "sg-0aea8368bc6d6bd27",
            "dhcp_options_id": "dopt-32015149",
            "enable_dns_hostnames": false,
            "enable_dns_support": true,
            "enable_network_address_usage_metrics": false,
            "id": "vpc-054b4ae7a7152ff98",
            "instance_tenancy": "default",
            "ipv4_ipam_pool_id": null,
            "ipv4_netmask_length": null,
            "ipv6_association_id": "",
            "ipv6_cidr_block": "",
            "ipv6_cidr_block_network_border_group": "",
            "ipv6_ipam_pool_id": "",
            "ipv6_netmask_length": 0,
            "main_route_table_id": "rtb-069a3452c9f3b9ed7",
            "owner_id": "644435390668",
            "tags": {
              "Name": "liorm-TF-easy"
            },
            "tags_all": {
              "Name": "liorm-TF-easy",
              "Owner": "liorm",
              "bootcamp": "19",
              "expiration_date": "01-01-2025"
            }
          },
          "sensitive_attributes": [],
          "private": "eyJzY2hlbWFfdmVyc2lvbiI6IjEifQ=="
        }
      ]
    }
  ],
  "check_results": null
}
